// !$*UTF8*$!
{
	archiveVersion = 1;
	classes = {
	};
	objectVersion = 56;
	objects = {

/* Begin PBXBuildFile section */
		483BAF092CB52591007DABFA /* AppDelegate.swift in Sources */ = {isa = PBXBuildFile; fileRef = 483BAF082CB52591007DABFA /* AppDelegate.swift */; };
		483BAF0B2CB52591007DABFA /* SceneDelegate.swift in Sources */ = {isa = PBXBuildFile; fileRef = 483BAF0A2CB52591007DABFA /* SceneDelegate.swift */; };
		483BAF0D2CB52591007DABFA /* ViewController.swift in Sources */ = {isa = PBXBuildFile; fileRef = 483BAF0C2CB52591007DABFA /* ViewController.swift */; };
		483BAF122CB52593007DABFA /* Assets.xcassets in Resources */ = {isa = PBXBuildFile; fileRef = 483BAF112CB52593007DABFA /* Assets.xcassets */; };
		483BAF152CB52593007DABFA /* Base in Resources */ = {isa = PBXBuildFile; fileRef = 483BAF142CB52593007DABFA /* Base */; };
		483BAF1D2CB52645007DABFA /* .gitignore in Resources */ = {isa = PBXBuildFile; fileRef = 483BAF1C2CB52645007DABFA /* .gitignore */; };
		483BAF202CB526CF007DABFA /* BaseViewController.swift in Sources */ = {isa = PBXBuildFile; fileRef = 483BAF1F2CB526CF007DABFA /* BaseViewController.swift */; };
		483BAF222CB5275B007DABFA /* BaseViewModel.swift in Sources */ = {isa = PBXBuildFile; fileRef = 483BAF212CB5275B007DABFA /* BaseViewModel.swift */; };
		483BAF242CB52775007DABFA /* BaseView.swift in Sources */ = {isa = PBXBuildFile; fileRef = 483BAF232CB52775007DABFA /* BaseView.swift */; };
		E0C45D282CB52BAC00E94B31 /* RealmSwift in Frameworks */ = {isa = PBXBuildFile; productRef = E0C45D272CB52BAC00E94B31 /* RealmSwift */; };
		E0C45D2B2CB52BBC00E94B31 /* SnapKit in Frameworks */ = {isa = PBXBuildFile; productRef = E0C45D2A2CB52BBC00E94B31 /* SnapKit */; };
		E0C45D2E2CB52BD500E94B31 /* Kingfisher in Frameworks */ = {isa = PBXBuildFile; productRef = E0C45D2D2CB52BD500E94B31 /* Kingfisher */; };
		E0C45D312CB52BEF00E94B31 /* Alamofire in Frameworks */ = {isa = PBXBuildFile; productRef = E0C45D302CB52BEF00E94B31 /* Alamofire */; };
		E0C45D342CB52CD100E94B31 /* Colors.swift in Sources */ = {isa = PBXBuildFile; fileRef = E0C45D332CB52CD100E94B31 /* Colors.swift */; };
		E0C45D362CB52D1000E94B31 /* Icons.swift in Sources */ = {isa = PBXBuildFile; fileRef = E0C45D352CB52D1000E94B31 /* Icons.swift */; };
		E0C45D382CB52D8100E94B31 /* Fonts.swift in Sources */ = {isa = PBXBuildFile; fileRef = E0C45D372CB52D8100E94B31 /* Fonts.swift */; };
		E0C45D8A2CB62FCB00E94B31 /* TargetType.swift in Sources */ = {isa = PBXBuildFile; fileRef = E0C45D892CB62FCB00E94B31 /* TargetType.swift */; };
		E0C45D8C2CB62FF100E94B31 /* APIKey.swift in Sources */ = {isa = PBXBuildFile; fileRef = E0C45D8B2CB62FF100E94B31 /* APIKey.swift */; };
/* End PBXBuildFile section */

/* Begin PBXFileReference section */
		483BAF052CB52591007DABFA /* FilmMark.app */ = {isa = PBXFileReference; explicitFileType = wrapper.application; includeInIndex = 0; path = FilmMark.app; sourceTree = BUILT_PRODUCTS_DIR; };
		483BAF082CB52591007DABFA /* AppDelegate.swift */ = {isa = PBXFileReference; lastKnownFileType = sourcecode.swift; path = AppDelegate.swift; sourceTree = "<group>"; };
		483BAF0A2CB52591007DABFA /* SceneDelegate.swift */ = {isa = PBXFileReference; lastKnownFileType = sourcecode.swift; path = SceneDelegate.swift; sourceTree = "<group>"; };
		483BAF0C2CB52591007DABFA /* ViewController.swift */ = {isa = PBXFileReference; lastKnownFileType = sourcecode.swift; path = ViewController.swift; sourceTree = "<group>"; };
		483BAF112CB52593007DABFA /* Assets.xcassets */ = {isa = PBXFileReference; lastKnownFileType = folder.assetcatalog; path = Assets.xcassets; sourceTree = "<group>"; };
		483BAF142CB52593007DABFA /* Base */ = {isa = PBXFileReference; lastKnownFileType = file.storyboard; name = Base; path = Base.lproj/LaunchScreen.storyboard; sourceTree = "<group>"; };
		483BAF162CB52593007DABFA /* Info.plist */ = {isa = PBXFileReference; lastKnownFileType = text.plist.xml; path = Info.plist; sourceTree = "<group>"; };
		483BAF1C2CB52645007DABFA /* .gitignore */ = {isa = PBXFileReference; lastKnownFileType = text; path = .gitignore; sourceTree = "<group>"; };
		483BAF1F2CB526CF007DABFA /* BaseViewController.swift */ = {isa = PBXFileReference; lastKnownFileType = sourcecode.swift; path = BaseViewController.swift; sourceTree = "<group>"; };
		483BAF212CB5275B007DABFA /* BaseViewModel.swift */ = {isa = PBXFileReference; lastKnownFileType = sourcecode.swift; path = BaseViewModel.swift; sourceTree = "<group>"; };
		483BAF232CB52775007DABFA /* BaseView.swift */ = {isa = PBXFileReference; lastKnownFileType = sourcecode.swift; path = BaseView.swift; sourceTree = "<group>"; };
		E0C45D332CB52CD100E94B31 /* Colors.swift */ = {isa = PBXFileReference; lastKnownFileType = sourcecode.swift; path = Colors.swift; sourceTree = "<group>"; };
		E0C45D352CB52D1000E94B31 /* Icons.swift */ = {isa = PBXFileReference; lastKnownFileType = sourcecode.swift; path = Icons.swift; sourceTree = "<group>"; };
		E0C45D372CB52D8100E94B31 /* Fonts.swift */ = {isa = PBXFileReference; lastKnownFileType = sourcecode.swift; path = Fonts.swift; sourceTree = "<group>"; };
		E0C45D892CB62FCB00E94B31 /* TargetType.swift */ = {isa = PBXFileReference; lastKnownFileType = sourcecode.swift; path = TargetType.swift; sourceTree = "<group>"; };
		E0C45D8B2CB62FF100E94B31 /* APIKey.swift */ = {isa = PBXFileReference; lastKnownFileType = sourcecode.swift; path = APIKey.swift; sourceTree = "<group>"; };
/* End PBXFileReference section */

/* Begin PBXFrameworksBuildPhase section */
		483BAF022CB52591007DABFA /* Frameworks */ = {
			isa = PBXFrameworksBuildPhase;
			buildActionMask = 2147483647;
			files = (
				E0C45D2E2CB52BD500E94B31 /* Kingfisher in Frameworks */,
				E0C45D312CB52BEF00E94B31 /* Alamofire in Frameworks */,
				E0C45D282CB52BAC00E94B31 /* RealmSwift in Frameworks */,
				E0C45D2B2CB52BBC00E94B31 /* SnapKit in Frameworks */,
			);
			runOnlyForDeploymentPostprocessing = 0;
		};
/* End PBXFrameworksBuildPhase section */

/* Begin PBXGroup section */
		483BAEFC2CB52591007DABFA = {
			isa = PBXGroup;
			children = (
				483BAF1C2CB52645007DABFA /* .gitignore */,
				483BAF072CB52591007DABFA /* FilmMark */,
				483BAF062CB52591007DABFA /* Products */,
			);
			sourceTree = "<group>";
		};
		483BAF062CB52591007DABFA /* Products */ = {
			isa = PBXGroup;
			children = (
				483BAF052CB52591007DABFA /* FilmMark.app */,
			);
			name = Products;
			sourceTree = "<group>";
		};
		483BAF072CB52591007DABFA /* FilmMark */ = {
			isa = PBXGroup;
			children = (
				E0C45D862CB62FAB00E94B31 /* Network */,
				E0C45D322CB52CBF00E94B31 /* DesignSystem */,
				483BAF1E2CB526B3007DABFA /* Base */,
				483BAF082CB52591007DABFA /* AppDelegate.swift */,
				483BAF0A2CB52591007DABFA /* SceneDelegate.swift */,
				483BAF0C2CB52591007DABFA /* ViewController.swift */,
				483BAF112CB52593007DABFA /* Assets.xcassets */,
				483BAF132CB52593007DABFA /* LaunchScreen.storyboard */,
				483BAF162CB52593007DABFA /* Info.plist */,
			);
			path = FilmMark;
			sourceTree = "<group>";
		};
		483BAF1E2CB526B3007DABFA /* Base */ = {
			isa = PBXGroup;
			children = (
				483BAF1F2CB526CF007DABFA /* BaseViewController.swift */,
				483BAF212CB5275B007DABFA /* BaseViewModel.swift */,
				483BAF232CB52775007DABFA /* BaseView.swift */,
			);
			path = Base;
			sourceTree = "<group>";
		};
		E0C45D322CB52CBF00E94B31 /* DesignSystem */ = {
			isa = PBXGroup;
			children = (
				E0C45D332CB52CD100E94B31 /* Colors.swift */,
				E0C45D352CB52D1000E94B31 /* Icons.swift */,
				E0C45D372CB52D8100E94B31 /* Fonts.swift */,
			);
			path = DesignSystem;
			sourceTree = "<group>";
		};
		E0C45D862CB62FAB00E94B31 /* Network */ = {
			isa = PBXGroup;
			children = (
				E0C45D892CB62FCB00E94B31 /* TargetType.swift */,
				E0C45D8B2CB62FF100E94B31 /* APIKey.swift */,
			);
			path = Network;
			sourceTree = "<group>";
		};
/* End PBXGroup section */

/* Begin PBXNativeTarget section */
		483BAF042CB52591007DABFA /* FilmMark */ = {
			isa = PBXNativeTarget;
			buildConfigurationList = 483BAF192CB52593007DABFA /* Build configuration list for PBXNativeTarget "FilmMark" */;
			buildPhases = (
				483BAF012CB52591007DABFA /* Sources */,
				483BAF022CB52591007DABFA /* Frameworks */,
				483BAF032CB52591007DABFA /* Resources */,
			);
			buildRules = (
			);
			dependencies = (
			);
			name = FilmMark;
			productName = FilmMark;
			productReference = 483BAF052CB52591007DABFA /* FilmMark.app */;
			productType = "com.apple.product-type.application";
		};
/* End PBXNativeTarget section */

/* Begin PBXProject section */
		483BAEFD2CB52591007DABFA /* Project object */ = {
			isa = PBXProject;
			attributes = {
				BuildIndependentTargetsInParallel = 1;
				LastSwiftUpdateCheck = 1530;
				LastUpgradeCheck = 1530;
				TargetAttributes = {
					483BAF042CB52591007DABFA = {
						CreatedOnToolsVersion = 15.3;
					};
				};
			};
			buildConfigurationList = 483BAF002CB52591007DABFA /* Build configuration list for PBXProject "FilmMark" */;
			compatibilityVersion = "Xcode 14.0";
			developmentRegion = en;
			hasScannedForEncodings = 0;
			knownRegions = (
				en,
				Base,
			);
			mainGroup = 483BAEFC2CB52591007DABFA;
			packageReferences = (
				E0C45D262CB52BAC00E94B31 /* XCRemoteSwiftPackageReference "realm-swift" */,
				E0C45D292CB52BBC00E94B31 /* XCRemoteSwiftPackageReference "SnapKit" */,
				E0C45D2C2CB52BD500E94B31 /* XCRemoteSwiftPackageReference "Kingfisher" */,
				E0C45D2F2CB52BEF00E94B31 /* XCRemoteSwiftPackageReference "Alamofire" */,
			);
			productRefGroup = 483BAF062CB52591007DABFA /* Products */;
			projectDirPath = "";
			projectRoot = "";
			targets = (
				483BAF042CB52591007DABFA /* FilmMark */,
			);
		};
/* End PBXProject section */

/* Begin PBXResourcesBuildPhase section */
		483BAF032CB52591007DABFA /* Resources */ = {
			isa = PBXResourcesBuildPhase;
			buildActionMask = 2147483647;
			files = (
				483BAF122CB52593007DABFA /* Assets.xcassets in Resources */,
				483BAF1D2CB52645007DABFA /* .gitignore in Resources */,
				483BAF152CB52593007DABFA /* Base in Resources */,
			);
			runOnlyForDeploymentPostprocessing = 0;
		};
/* End PBXResourcesBuildPhase section */

/* Begin PBXSourcesBuildPhase section */
		483BAF012CB52591007DABFA /* Sources */ = {
			isa = PBXSourcesBuildPhase;
			buildActionMask = 2147483647;
			files = (
				E0C45D8A2CB62FCB00E94B31 /* TargetType.swift in Sources */,
				483BAF0D2CB52591007DABFA /* ViewController.swift in Sources */,
				483BAF222CB5275B007DABFA /* BaseViewModel.swift in Sources */,
				E0C45D362CB52D1000E94B31 /* Icons.swift in Sources */,
				483BAF202CB526CF007DABFA /* BaseViewController.swift in Sources */,
				E0C45D342CB52CD100E94B31 /* Colors.swift in Sources */,
				E0C45D8C2CB62FF100E94B31 /* APIKey.swift in Sources */,
				483BAF242CB52775007DABFA /* BaseView.swift in Sources */,
				483BAF092CB52591007DABFA /* AppDelegate.swift in Sources */,
				E0C45D382CB52D8100E94B31 /* Fonts.swift in Sources */,
				483BAF0B2CB52591007DABFA /* SceneDelegate.swift in Sources */,
			);
			runOnlyForDeploymentPostprocessing = 0;
		};
/* End PBXSourcesBuildPhase section */

/* Begin PBXVariantGroup section */
		483BAF132CB52593007DABFA /* LaunchScreen.storyboard */ = {
			isa = PBXVariantGroup;
			children = (
				483BAF142CB52593007DABFA /* Base */,
			);
			name = LaunchScreen.storyboard;
			sourceTree = "<group>";
		};
/* End PBXVariantGroup section */

/* Begin XCBuildConfiguration section */
		483BAF172CB52593007DABFA /* Debug */ = {
			isa = XCBuildConfiguration;
			buildSettings = {
				ALWAYS_SEARCH_USER_PATHS = NO;
				ASSETCATALOG_COMPILER_GENERATE_SWIFT_ASSET_SYMBOL_EXTENSIONS = YES;
				CLANG_ANALYZER_NONNULL = YES;
				CLANG_ANALYZER_NUMBER_OBJECT_CONVERSION = YES_AGGRESSIVE;
				CLANG_CXX_LANGUAGE_STANDARD = "gnu++20";
				CLANG_ENABLE_MODULES = YES;
				CLANG_ENABLE_OBJC_ARC = YES;
				CLANG_ENABLE_OBJC_WEAK = YES;
				CLANG_WARN_BLOCK_CAPTURE_AUTORELEASING = YES;
				CLANG_WARN_BOOL_CONVERSION = YES;
				CLANG_WARN_COMMA = YES;
				CLANG_WARN_CONSTANT_CONVERSION = YES;
				CLANG_WARN_DEPRECATED_OBJC_IMPLEMENTATIONS = YES;
				CLANG_WARN_DIRECT_OBJC_ISA_USAGE = YES_ERROR;
				CLANG_WARN_DOCUMENTATION_COMMENTS = YES;
				CLANG_WARN_EMPTY_BODY = YES;
				CLANG_WARN_ENUM_CONVERSION = YES;
				CLANG_WARN_INFINITE_RECURSION = YES;
				CLANG_WARN_INT_CONVERSION = YES;
				CLANG_WARN_NON_LITERAL_NULL_CONVERSION = YES;
				CLANG_WARN_OBJC_IMPLICIT_RETAIN_SELF = YES;
				CLANG_WARN_OBJC_LITERAL_CONVERSION = YES;
				CLANG_WARN_OBJC_ROOT_CLASS = YES_ERROR;
				CLANG_WARN_QUOTED_INCLUDE_IN_FRAMEWORK_HEADER = YES;
				CLANG_WARN_RANGE_LOOP_ANALYSIS = YES;
				CLANG_WARN_STRICT_PROTOTYPES = YES;
				CLANG_WARN_SUSPICIOUS_MOVE = YES;
				CLANG_WARN_UNGUARDED_AVAILABILITY = YES_AGGRESSIVE;
				CLANG_WARN_UNREACHABLE_CODE = YES;
				CLANG_WARN__DUPLICATE_METHOD_MATCH = YES;
				COPY_PHASE_STRIP = NO;
				DEBUG_INFORMATION_FORMAT = dwarf;
				ENABLE_STRICT_OBJC_MSGSEND = YES;
				ENABLE_TESTABILITY = YES;
				ENABLE_USER_SCRIPT_SANDBOXING = YES;
				GCC_C_LANGUAGE_STANDARD = gnu17;
				GCC_DYNAMIC_NO_PIC = NO;
				GCC_NO_COMMON_BLOCKS = YES;
				GCC_OPTIMIZATION_LEVEL = 0;
				GCC_PREPROCESSOR_DEFINITIONS = (
					"DEBUG=1",
					"$(inherited)",
				);
				GCC_WARN_64_TO_32_BIT_CONVERSION = YES;
				GCC_WARN_ABOUT_RETURN_TYPE = YES_ERROR;
				GCC_WARN_UNDECLARED_SELECTOR = YES;
				GCC_WARN_UNINITIALIZED_AUTOS = YES_AGGRESSIVE;
				GCC_WARN_UNUSED_FUNCTION = YES;
				GCC_WARN_UNUSED_VARIABLE = YES;
				IPHONEOS_DEPLOYMENT_TARGET = 17.4;
				LOCALIZATION_PREFERS_STRING_CATALOGS = YES;
				MTL_ENABLE_DEBUG_INFO = INCLUDE_SOURCE;
				MTL_FAST_MATH = YES;
				ONLY_ACTIVE_ARCH = YES;
				SDKROOT = iphoneos;
				SWIFT_ACTIVE_COMPILATION_CONDITIONS = "DEBUG $(inherited)";
				SWIFT_OPTIMIZATION_LEVEL = "-Onone";
			};
			name = Debug;
		};
		483BAF182CB52593007DABFA /* Release */ = {
			isa = XCBuildConfiguration;
			buildSettings = {
				ALWAYS_SEARCH_USER_PATHS = NO;
				ASSETCATALOG_COMPILER_GENERATE_SWIFT_ASSET_SYMBOL_EXTENSIONS = YES;
				CLANG_ANALYZER_NONNULL = YES;
				CLANG_ANALYZER_NUMBER_OBJECT_CONVERSION = YES_AGGRESSIVE;
				CLANG_CXX_LANGUAGE_STANDARD = "gnu++20";
				CLANG_ENABLE_MODULES = YES;
				CLANG_ENABLE_OBJC_ARC = YES;
				CLANG_ENABLE_OBJC_WEAK = YES;
				CLANG_WARN_BLOCK_CAPTURE_AUTORELEASING = YES;
				CLANG_WARN_BOOL_CONVERSION = YES;
				CLANG_WARN_COMMA = YES;
				CLANG_WARN_CONSTANT_CONVERSION = YES;
				CLANG_WARN_DEPRECATED_OBJC_IMPLEMENTATIONS = YES;
				CLANG_WARN_DIRECT_OBJC_ISA_USAGE = YES_ERROR;
				CLANG_WARN_DOCUMENTATION_COMMENTS = YES;
				CLANG_WARN_EMPTY_BODY = YES;
				CLANG_WARN_ENUM_CONVERSION = YES;
				CLANG_WARN_INFINITE_RECURSION = YES;
				CLANG_WARN_INT_CONVERSION = YES;
				CLANG_WARN_NON_LITERAL_NULL_CONVERSION = YES;
				CLANG_WARN_OBJC_IMPLICIT_RETAIN_SELF = YES;
				CLANG_WARN_OBJC_LITERAL_CONVERSION = YES;
				CLANG_WARN_OBJC_ROOT_CLASS = YES_ERROR;
				CLANG_WARN_QUOTED_INCLUDE_IN_FRAMEWORK_HEADER = YES;
				CLANG_WARN_RANGE_LOOP_ANALYSIS = YES;
				CLANG_WARN_STRICT_PROTOTYPES = YES;
				CLANG_WARN_SUSPICIOUS_MOVE = YES;
				CLANG_WARN_UNGUARDED_AVAILABILITY = YES_AGGRESSIVE;
				CLANG_WARN_UNREACHABLE_CODE = YES;
				CLANG_WARN__DUPLICATE_METHOD_MATCH = YES;
				COPY_PHASE_STRIP = NO;
				DEBUG_INFORMATION_FORMAT = "dwarf-with-dsym";
				ENABLE_NS_ASSERTIONS = NO;
				ENABLE_STRICT_OBJC_MSGSEND = YES;
				ENABLE_USER_SCRIPT_SANDBOXING = YES;
				GCC_C_LANGUAGE_STANDARD = gnu17;
				GCC_NO_COMMON_BLOCKS = YES;
				GCC_WARN_64_TO_32_BIT_CONVERSION = YES;
				GCC_WARN_ABOUT_RETURN_TYPE = YES_ERROR;
				GCC_WARN_UNDECLARED_SELECTOR = YES;
				GCC_WARN_UNINITIALIZED_AUTOS = YES_AGGRESSIVE;
				GCC_WARN_UNUSED_FUNCTION = YES;
				GCC_WARN_UNUSED_VARIABLE = YES;
				IPHONEOS_DEPLOYMENT_TARGET = 17.4;
				LOCALIZATION_PREFERS_STRING_CATALOGS = YES;
				MTL_ENABLE_DEBUG_INFO = NO;
				MTL_FAST_MATH = YES;
				SDKROOT = iphoneos;
				SWIFT_COMPILATION_MODE = wholemodule;
				VALIDATE_PRODUCT = YES;
			};
			name = Release;
		};
		483BAF1A2CB52593007DABFA /* Debug */ = {
			isa = XCBuildConfiguration;
			buildSettings = {
				ASSETCATALOG_COMPILER_APPICON_NAME = AppIcon;
				ASSETCATALOG_COMPILER_GLOBAL_ACCENT_COLOR_NAME = AccentColor;
				CODE_SIGN_STYLE = Automatic;
				CURRENT_PROJECT_VERSION = 1;
				DEVELOPMENT_TEAM = U4HJYQP2ZD;
				GENERATE_INFOPLIST_FILE = YES;
				INFOPLIST_FILE = FilmMark/Info.plist;
				INFOPLIST_KEY_UIApplicationSupportsIndirectInputEvents = YES;
				INFOPLIST_KEY_UILaunchStoryboardName = LaunchScreen;
				INFOPLIST_KEY_UISupportedInterfaceOrientations = UIInterfaceOrientationPortrait;
				INFOPLIST_KEY_UISupportedInterfaceOrientations_iPad = UIInterfaceOrientationPortrait;
				IPHONEOS_DEPLOYMENT_TARGET = 15.0;
				LD_RUNPATH_SEARCH_PATHS = (
					"$(inherited)",
					"@executable_path/Frameworks",
				);
				MARKETING_VERSION = 1.0;
				PRODUCT_BUNDLE_IDENTIFIER = com.dahyun.FilmMark;
				PRODUCT_NAME = "$(TARGET_NAME)";
				SUPPORTED_PLATFORMS = "iphoneos iphonesimulator";
				SUPPORTS_MACCATALYST = NO;
				SUPPORTS_MAC_DESIGNED_FOR_IPHONE_IPAD = NO;
				SUPPORTS_XR_DESIGNED_FOR_IPHONE_IPAD = NO;
				SWIFT_EMIT_LOC_STRINGS = YES;
				SWIFT_VERSION = 5.0;
				TARGETED_DEVICE_FAMILY = 1;
			};
			name = Debug;
		};
		483BAF1B2CB52593007DABFA /* Release */ = {
			isa = XCBuildConfiguration;
			buildSettings = {
				ASSETCATALOG_COMPILER_APPICON_NAME = AppIcon;
				ASSETCATALOG_COMPILER_GLOBAL_ACCENT_COLOR_NAME = AccentColor;
				CODE_SIGN_STYLE = Automatic;
				CURRENT_PROJECT_VERSION = 1;
				DEVELOPMENT_TEAM = U4HJYQP2ZD;
				GENERATE_INFOPLIST_FILE = YES;
				INFOPLIST_FILE = FilmMark/Info.plist;
				INFOPLIST_KEY_UIApplicationSupportsIndirectInputEvents = YES;
				INFOPLIST_KEY_UILaunchStoryboardName = LaunchScreen;
				INFOPLIST_KEY_UISupportedInterfaceOrientations = UIInterfaceOrientationPortrait;
				INFOPLIST_KEY_UISupportedInterfaceOrientations_iPad = UIInterfaceOrientationPortrait;
				IPHONEOS_DEPLOYMENT_TARGET = 15.0;
				LD_RUNPATH_SEARCH_PATHS = (
					"$(inherited)",
					"@executable_path/Frameworks",
				);
				MARKETING_VERSION = 1.0;
				PRODUCT_BUNDLE_IDENTIFIER = com.dahyun.FilmMark;
				PRODUCT_NAME = "$(TARGET_NAME)";
				SUPPORTED_PLATFORMS = "iphoneos iphonesimulator";
				SUPPORTS_MACCATALYST = NO;
				SUPPORTS_MAC_DESIGNED_FOR_IPHONE_IPAD = NO;
				SUPPORTS_XR_DESIGNED_FOR_IPHONE_IPAD = NO;
				SWIFT_EMIT_LOC_STRINGS = YES;
				SWIFT_VERSION = 5.0;
				TARGETED_DEVICE_FAMILY = 1;
			};
			name = Release;
		};
/* End XCBuildConfiguration section */

/* Begin XCConfigurationList section */
		483BAF002CB52591007DABFA /* Build configuration list for PBXProject "FilmMark" */ = {
			isa = XCConfigurationList;
			buildConfigurations = (
				483BAF172CB52593007DABFA /* Debug */,
				483BAF182CB52593007DABFA /* Release */,
			);
			defaultConfigurationIsVisible = 0;
			defaultConfigurationName = Release;
		};
		483BAF192CB52593007DABFA /* Build configuration list for PBXNativeTarget "FilmMark" */ = {
			isa = XCConfigurationList;
			buildConfigurations = (
				483BAF1A2CB52593007DABFA /* Debug */,
				483BAF1B2CB52593007DABFA /* Release */,
			);
			defaultConfigurationIsVisible = 0;
			defaultConfigurationName = Release;
		};
/* End XCConfigurationList section */

/* Begin XCRemoteSwiftPackageReference section */
		E0C45D262CB52BAC00E94B31 /* XCRemoteSwiftPackageReference "realm-swift" */ = {
			isa = XCRemoteSwiftPackageReference;
			repositoryURL = "https://github.com/realm/realm-swift.git";
			requirement = {
				kind = exactVersion;
				version = 10.54.0;
			};
		};
		E0C45D292CB52BBC00E94B31 /* XCRemoteSwiftPackageReference "SnapKit" */ = {
			isa = XCRemoteSwiftPackageReference;
			repositoryURL = "https://github.com/SnapKit/SnapKit";
			requirement = {
				kind = upToNextMajorVersion;
				minimumVersion = 5.7.1;
			};
		};
		E0C45D2C2CB52BD500E94B31 /* XCRemoteSwiftPackageReference "Kingfisher" */ = {
			isa = XCRemoteSwiftPackageReference;
			repositoryURL = "https://github.com/onevcat/Kingfisher.git";
			requirement = {
				kind = upToNextMajorVersion;
				minimumVersion = 8.0.3;
			};
		};
		E0C45D2F2CB52BEF00E94B31 /* XCRemoteSwiftPackageReference "Alamofire" */ = {
			isa = XCRemoteSwiftPackageReference;
			repositoryURL = "https://github.com/Alamofire/Alamofire";
			requirement = {
				kind = upToNextMajorVersion;
				minimumVersion = 5.9.1;
			};
		};
/* End XCRemoteSwiftPackageReference section */

/* Begin XCSwiftPackageProductDependency section */
		E0C45D272CB52BAC00E94B31 /* RealmSwift */ = {
			isa = XCSwiftPackageProductDependency;
			package = E0C45D262CB52BAC00E94B31 /* XCRemoteSwiftPackageReference "realm-swift" */;
			productName = RealmSwift;
		};
		E0C45D2A2CB52BBC00E94B31 /* SnapKit */ = {
			isa = XCSwiftPackageProductDependency;
			package = E0C45D292CB52BBC00E94B31 /* XCRemoteSwiftPackageReference "SnapKit" */;
			productName = SnapKit;
		};
		E0C45D2D2CB52BD500E94B31 /* Kingfisher */ = {
			isa = XCSwiftPackageProductDependency;
			package = E0C45D2C2CB52BD500E94B31 /* XCRemoteSwiftPackageReference "Kingfisher" */;
			productName = Kingfisher;
		};
		E0C45D302CB52BEF00E94B31 /* Alamofire */ = {
			isa = XCSwiftPackageProductDependency;
			package = E0C45D2F2CB52BEF00E94B31 /* XCRemoteSwiftPackageReference "Alamofire" */;
			productName = Alamofire;
		};
/* End XCSwiftPackageProductDependency section */
	};
	rootObject = 483BAEFD2CB52591007DABFA /* Project object */;
}
